
Microsoft Visual Studio Solution File, Format Version 12.00
# Visual Studio Version 17
VisualStudioVersion = 17.0.31903.59
MinimumVisualStudioVersion = 10.0.40219.1
Project("{FAE04EC0-301F-11D3-BF4B-00C04F79EFBC}") = "CatalogService", "CatalogService\CatalogService.csproj", "{5E079999-DAA2-4BDA-8A6D-2C0052F5BB74}"
EndProject
Project("{FAE04EC0-301F-11D3-BF4B-00C04F79EFBC}") = "OrderService", "OrderService\OrderService.csproj", "{4CAD7FBC-79F1-4055-B865-09B4BDF90F77}"
EndProject
Project("{2150E333-8FDC-42A3-9474-1A3956D46DE8}") = "Solution Items", "Solution Items", "{CC9B695B-8AF1-49DB-BF94-9A8199B4D05C}"
	ProjectSection(SolutionItems) = preProject
		docker-compose.yml = docker-compose.yml
	EndProjectSection
EndProject
Project("{FAE04EC0-301F-11D3-BF4B-00C04F79EFBC}") = "IdentityService", "IdentityService\IdentityService.csproj", "{4EB0CDE5-AB3D-4F11-A91B-D3F810351ADE}"
EndProject
Project("{FAE04EC0-301F-11D3-BF4B-00C04F79EFBC}") = "ApiGateway", "ApiGateway\ApiGateway.csproj", "{A292B4CF-CA51-4710-ABE4-7211BB5C4AB2}"
EndProject
Global
	GlobalSection(SolutionConfigurationPlatforms) = preSolution
		Debug|Any CPU = Debug|Any CPU
		Release|Any CPU = Release|Any CPU
	EndGlobalSection
	GlobalSection(SolutionProperties) = preSolution
		HideSolutionNode = FALSE
	EndGlobalSection
	GlobalSection(ProjectConfigurationPlatforms) = postSolution
		{5E079999-DAA2-4BDA-8A6D-2C0052F5BB74}.Debug|Any CPU.ActiveCfg = Debug|Any CPU
		{5E079999-DAA2-4BDA-8A6D-2C0052F5BB74}.Debug|Any CPU.Build.0 = Debug|Any CPU
		{5E079999-DAA2-4BDA-8A6D-2C0052F5BB74}.Release|Any CPU.ActiveCfg = Release|Any CPU
		{5E079999-DAA2-4BDA-8A6D-2C0052F5BB74}.Release|Any CPU.Build.0 = Release|Any CPU
		{4CAD7FBC-79F1-4055-B865-09B4BDF90F77}.Debug|Any CPU.ActiveCfg = Debug|Any CPU
		{4CAD7FBC-79F1-4055-B865-09B4BDF90F77}.Debug|Any CPU.Build.0 = Debug|Any CPU
		{4CAD7FBC-79F1-4055-B865-09B4BDF90F77}.Release|Any CPU.ActiveCfg = Release|Any CPU
		{4CAD7FBC-79F1-4055-B865-09B4BDF90F77}.Release|Any CPU.Build.0 = Release|Any CPU
		{4EB0CDE5-AB3D-4F11-A91B-D3F810351ADE}.Debug|Any CPU.ActiveCfg = Debug|Any CPU
		{4EB0CDE5-AB3D-4F11-A91B-D3F810351ADE}.Debug|Any CPU.Build.0 = Debug|Any CPU
		{4EB0CDE5-AB3D-4F11-A91B-D3F810351ADE}.Release|Any CPU.ActiveCfg = Release|Any CPU
		{4EB0CDE5-AB3D-4F11-A91B-D3F810351ADE}.Release|Any CPU.Build.0 = Release|Any CPU
		{A292B4CF-CA51-4710-ABE4-7211BB5C4AB2}.Debug|Any CPU.ActiveCfg = Debug|Any CPU
		{A292B4CF-CA51-4710-ABE4-7211BB5C4AB2}.Debug|Any CPU.Build.0 = Debug|Any CPU
		{A292B4CF-CA51-4710-ABE4-7211BB5C4AB2}.Release|Any CPU.ActiveCfg = Release|Any CPU
		{A292B4CF-CA51-4710-ABE4-7211BB5C4AB2}.Release|Any CPU.Build.0 = Release|Any CPU
	EndGlobalSection
EndGlobal
